
Microsoft Visual Studio Solution File, Format Version 12.00
# Visual Studio Version 16
VisualStudioVersion = 16.0.30907.101
MinimumVisualStudioVersion = 10.0.40219.1
Project("{FAE04EC0-301F-11D3-BF4B-00C04F79EFBC}") = "Z8WK8D", "Z8WK8D\Z8WK8D.csproj", "{CA8439C7-7035-4E51-9312-5527BD298C22}"
EndProject
Global
	GlobalSection(SolutionConfigurationPlatforms) = preSolution
		Debug|Any CPU = Debug|Any CPU
		Release|Any CPU = Release|Any CPU
	EndGlobalSection
	GlobalSection(ProjectConfigurationPlatforms) = postSolution
		{CA8439C7-7035-4E51-9312-5527BD298C22}.Debug|Any CPU.ActiveCfg = Debug|Any CPU
		{CA8439C7-7035-4E51-9312-5527BD298C22}.Debug|Any CPU.Build.0 = Debug|Any CPU
		{CA8439C7-7035-4E51-9312-5527BD298C22}.Release|Any CPU.ActiveCfg = Release|Any CPU
		{CA8439C7-7035-4E51-9312-5527BD298C22}.Release|Any CPU.Build.0 = Release|Any CPU
	EndGlobalSection
	GlobalSection(SolutionProperties) = preSolution
		HideSolutionNode = FALSE
	EndGlobalSection
	GlobalSection(ExtensibilityGlobals) = postSolution
		SolutionGuid = {B5A10965-9110-4733-B839-813C0E9BA8DD}
	EndGlobalSection
EndGlobal
