{
  "name": "typescript_labor-kliens_oldali_technologiak",
  "version": "0.0.0",
  "lockfileVersion": 1,
  "requires": true,
  "dependencies": {
    "@types/bootstrap": {
      "version": "3.3.32",
      "resolved": "https://registry.npmjs.org/@types/bootstrap/-/bootstrap-3.3.32.tgz",
      "integrity": "sha1-q69LNk0IbeDLd5HbDP1VcDtZH60=",
      "dev": true,
      "requires": {
        "@types/jquery": "*"
      }
    },
    "@types/jquery": {
      "version": "2.0.41",
      "resolved": "https://registry.npmjs.org/@types/jquery/-/jquery-2.0.41.tgz",
      "integrity": "sha1-uHugUQEfme2+WG2Plygud4bgGm0=",
      "dev": true
    },
    "@types/systemjs": {
      "version": "0.20.2",
      "resolved": "https://registry.npmjs.org/@types/systemjs/-/systemjs-0.20.2.tgz",
      "integrity": "sha1-UsUomig0eBZgvGbnlrrG4Ft7BIo=",
      "dev": true
    },
    "bootstrap": {
      "version": "3.3.7",
      "resolved": "https://registry.npmjs.org/bootstrap/-/bootstrap-3.3.7.tgz",
      "integrity": "sha1-WjiTlFSfIzMIdaOxUGVldPip63E="
    },
    "jquery": {
      "version": "3.2.1",
      "resolved": "https://registry.npmjs.org/jquery/-/jquery-3.2.1.tgz",
      "integrity": "sha1-XE2d5lKvbNCncBVKYxu6ErAVx4c="
    },
    "systemjs": {
      "version": "0.19.47",
      "resolved": "https://registry.npmjs.org/systemjs/-/systemjs-0.19.47.tgz",
      "integrity": "sha1-yMk5NxgPP1SBx2nNJyB2P7SjHG8=",
      "requires": {
        "when": "^3.7.5"
      }
    },
    "typescript": {
      "version": "2.2.1",
      "resolved": "https://registry.npmjs.org/typescript/-/typescript-2.2.1.tgz",
      "integrity": "sha1-SGK2YrmIpMj/aRzHlpYi0k23auk=",
      "dev": true
    },
    "when": {
      "version": "3.7.8",
      "resolved": "https://registry.npmjs.org/when/-/when-3.7.8.tgz",
      "integrity": "sha1-xxMLan6gRpPoQs3J56Hyqjmjn4I="
    }
  }
}
